
Microsoft Visual Studio Solution File, Format Version 12.00
# Visual Studio Version 16
VisualStudioVersion = 16.0.29905.134
MinimumVisualStudioVersion = 10.0.40219.1
Project("{FAE04EC0-301F-11D3-BF4B-00C04F79EFBC}") = "WindowsFormsApp1", "WindowsFormsApp1.csproj", "{4469F3CB-1045-48B3-A52A-9A502579F6F8}"
EndProject
Global
	GlobalSection(SolutionConfigurationPlatforms) = preSolution
		Debug|Any CPU = Debug|Any CPU
		Release|Any CPU = Release|Any CPU
	EndGlobalSection
	GlobalSection(ProjectConfigurationPlatforms) = postSolution
		{4469F3CB-1045-48B3-A52A-9A502579F6F8}.Debug|Any CPU.ActiveCfg = Debug|Any CPU
		{4469F3CB-1045-48B3-A52A-9A502579F6F8}.Debug|Any CPU.Build.0 = Debug|Any CPU
		{4469F3CB-1045-48B3-A52A-9A502579F6F8}.Release|Any CPU.ActiveCfg = Release|Any CPU
		{4469F3CB-1045-48B3-A52A-9A502579F6F8}.Release|Any CPU.Build.0 = Release|Any CPU
	EndGlobalSection
	GlobalSection(SolutionProperties) = preSolution
		HideSolutionNode = FALSE
	EndGlobalSection
	GlobalSection(ExtensibilityGlobals) = postSolution
		SolutionGuid = {3F9BCE5C-D17C-4DEB-B7E4-1F1A42CD52AE}
	EndGlobalSection
EndGlobal
